// !$*UTF8*$!
{
	archiveVersion = 1;
	classes = {
	};
	objectVersion = 55;
	objects = {

/* Begin PBXBuildFile section */
		6589F647292A538100D686D7 /* GoogleCalendarAPIDemoApp.swift in Sources */ = {isa = PBXBuildFile; fileRef = 6589F646292A538100D686D7 /* GoogleCalendarAPIDemoApp.swift */; };
		6589F649292A538100D686D7 /* ContentView.swift in Sources */ = {isa = PBXBuildFile; fileRef = 6589F648292A538100D686D7 /* ContentView.swift */; };
		6589F64B292A538400D686D7 /* Assets.xcassets in Resources */ = {isa = PBXBuildFile; fileRef = 6589F64A292A538400D686D7 /* Assets.xcassets */; };
		6589F64E292A538400D686D7 /* Preview Assets.xcassets in Resources */ = {isa = PBXBuildFile; fileRef = 6589F64D292A538400D686D7 /* Preview Assets.xcassets */; };
		6589F656292A551000D686D7 /* GoogleAPIClientForREST_Calendar in Frameworks */ = {isa = PBXBuildFile; productRef = 6589F655292A551000D686D7 /* GoogleAPIClientForREST_Calendar */; };
		6589F659292A553100D686D7 /* Lottie in Frameworks */ = {isa = PBXBuildFile; productRef = 6589F658292A553100D686D7 /* Lottie */; };
		6589F65C292A56C500D686D7 /* FirebaseAuth in Frameworks */ = {isa = PBXBuildFile; productRef = 6589F65B292A56C500D686D7 /* FirebaseAuth */; };
		6589F662292A5AF500D686D7 /* GoogleService-Info.plist in Resources */ = {isa = PBXBuildFile; fileRef = 6589F661292A5AF500D686D7 /* GoogleService-Info.plist */; };
		6589F666292A617300D686D7 /* AuthenticationViewModel.swift in Sources */ = {isa = PBXBuildFile; fileRef = 6589F665292A617300D686D7 /* AuthenticationViewModel.swift */; };
		6589F66A292A666C00D686D7 /* GoogleSignIn in Frameworks */ = {isa = PBXBuildFile; productRef = 6589F669292A666C00D686D7 /* GoogleSignIn */; };
		6589F66C292A666C00D686D7 /* GoogleSignInSwift in Frameworks */ = {isa = PBXBuildFile; productRef = 6589F66B292A666C00D686D7 /* GoogleSignInSwift */; };
		6589F670292A6AB900D686D7 /* Extensions.swift in Sources */ = {isa = PBXBuildFile; fileRef = 6589F66F292A6AB900D686D7 /* Extensions.swift */; };
		6589F672292A6D6C00D686D7 /* LoginView.swift in Sources */ = {isa = PBXBuildFile; fileRef = 6589F671292A6D6C00D686D7 /* LoginView.swift */; };
/* End PBXBuildFile section */

/* Begin PBXFileReference section */
		6589F643292A538100D686D7 /* GoogleCalendarAPIDemo.app */ = {isa = PBXFileReference; explicitFileType = wrapper.application; includeInIndex = 0; path = GoogleCalendarAPIDemo.app; sourceTree = BUILT_PRODUCTS_DIR; };
		6589F646292A538100D686D7 /* GoogleCalendarAPIDemoApp.swift */ = {isa = PBXFileReference; lastKnownFileType = sourcecode.swift; path = GoogleCalendarAPIDemoApp.swift; sourceTree = "<group>"; };
		6589F648292A538100D686D7 /* ContentView.swift */ = {isa = PBXFileReference; lastKnownFileType = sourcecode.swift; path = ContentView.swift; sourceTree = "<group>"; };
		6589F64A292A538400D686D7 /* Assets.xcassets */ = {isa = PBXFileReference; lastKnownFileType = folder.assetcatalog; path = Assets.xcassets; sourceTree = "<group>"; };
		6589F64D292A538400D686D7 /* Preview Assets.xcassets */ = {isa = PBXFileReference; lastKnownFileType = folder.assetcatalog; path = "Preview Assets.xcassets"; sourceTree = "<group>"; };
		6589F660292A5ADE00D686D7 /* Info.plist */ = {isa = PBXFileReference; lastKnownFileType = text.plist; path = Info.plist; sourceTree = "<group>"; };
		6589F661292A5AF500D686D7 /* GoogleService-Info.plist */ = {isa = PBXFileReference; fileEncoding = 4; lastKnownFileType = text.plist.xml; path = "GoogleService-Info.plist"; sourceTree = "<group>"; };
		6589F663292A5B2600D686D7 /* GoogleCalendarAPIDemo.entitlements */ = {isa = PBXFileReference; lastKnownFileType = text.plist.entitlements; path = GoogleCalendarAPIDemo.entitlements; sourceTree = "<group>"; };
		6589F665292A617300D686D7 /* AuthenticationViewModel.swift */ = {isa = PBXFileReference; lastKnownFileType = sourcecode.swift; path = AuthenticationViewModel.swift; sourceTree = "<group>"; };
		6589F66F292A6AB900D686D7 /* Extensions.swift */ = {isa = PBXFileReference; lastKnownFileType = sourcecode.swift; path = Extensions.swift; sourceTree = "<group>"; };
		6589F671292A6D6C00D686D7 /* LoginView.swift */ = {isa = PBXFileReference; lastKnownFileType = sourcecode.swift; path = LoginView.swift; sourceTree = "<group>"; };
/* End PBXFileReference section */

/* Begin PBXFrameworksBuildPhase section */
		6589F640292A538100D686D7 /* Frameworks */ = {
			isa = PBXFrameworksBuildPhase;
			buildActionMask = 2147483647;
			files = (
				6589F66C292A666C00D686D7 /* GoogleSignInSwift in Frameworks */,
				6589F656292A551000D686D7 /* GoogleAPIClientForREST_Calendar in Frameworks */,
				6589F66A292A666C00D686D7 /* GoogleSignIn in Frameworks */,
				6589F65C292A56C500D686D7 /* FirebaseAuth in Frameworks */,
				6589F659292A553100D686D7 /* Lottie in Frameworks */,
			);
			runOnlyForDeploymentPostprocessing = 0;
		};
/* End PBXFrameworksBuildPhase section */

/* Begin PBXGroup section */
		6589F63A292A538100D686D7 = {
			isa = PBXGroup;
			children = (
				6589F645292A538100D686D7 /* GoogleCalendarAPIDemo */,
				6589F644292A538100D686D7 /* Products */,
			);
			sourceTree = "<group>";
		};
		6589F644292A538100D686D7 /* Products */ = {
			isa = PBXGroup;
			children = (
				6589F643292A538100D686D7 /* GoogleCalendarAPIDemo.app */,
			);
			name = Products;
			sourceTree = "<group>";
		};
		6589F645292A538100D686D7 /* GoogleCalendarAPIDemo */ = {
			isa = PBXGroup;
			children = (
				6589F66E292A6AAD00D686D7 /* Utilities */,
				6589F664292A616100D686D7 /* ViewModel */,
				6589F663292A5B2600D686D7 /* GoogleCalendarAPIDemo.entitlements */,
				6589F660292A5ADE00D686D7 /* Info.plist */,
				6589F661292A5AF500D686D7 /* GoogleService-Info.plist */,
				6589F646292A538100D686D7 /* GoogleCalendarAPIDemoApp.swift */,
				6589F648292A538100D686D7 /* ContentView.swift */,
				6589F671292A6D6C00D686D7 /* LoginView.swift */,
				6589F64A292A538400D686D7 /* Assets.xcassets */,
				6589F64C292A538400D686D7 /* Preview Content */,
			);
			path = GoogleCalendarAPIDemo;
			sourceTree = "<group>";
		};
		6589F64C292A538400D686D7 /* Preview Content */ = {
			isa = PBXGroup;
			children = (
				6589F64D292A538400D686D7 /* Preview Assets.xcassets */,
			);
			path = "Preview Content";
			sourceTree = "<group>";
		};
		6589F664292A616100D686D7 /* ViewModel */ = {
			isa = PBXGroup;
			children = (
				6589F665292A617300D686D7 /* AuthenticationViewModel.swift */,
			);
			path = ViewModel;
			sourceTree = "<group>";
		};
		6589F66E292A6AAD00D686D7 /* Utilities */ = {
			isa = PBXGroup;
			children = (
				6589F66F292A6AB900D686D7 /* Extensions.swift */,
			);
			path = Utilities;
			sourceTree = "<group>";
		};
/* End PBXGroup section */

/* Begin PBXNativeTarget section */
		6589F642292A538100D686D7 /* GoogleCalendarAPIDemo */ = {
			isa = PBXNativeTarget;
			buildConfigurationList = 6589F651292A538400D686D7 /* Build configuration list for PBXNativeTarget "GoogleCalendarAPIDemo" */;
			buildPhases = (
				6589F63F292A538100D686D7 /* Sources */,
				6589F640292A538100D686D7 /* Frameworks */,
				6589F641292A538100D686D7 /* Resources */,
			);
			buildRules = (
			);
			dependencies = (
			);
			name = GoogleCalendarAPIDemo;
			packageProductDependencies = (
				6589F655292A551000D686D7 /* GoogleAPIClientForREST_Calendar */,
				6589F658292A553100D686D7 /* Lottie */,
				6589F65B292A56C500D686D7 /* FirebaseAuth */,
				6589F669292A666C00D686D7 /* GoogleSignIn */,
				6589F66B292A666C00D686D7 /* GoogleSignInSwift */,
			);
			productName = GoogleCalendarAPIDemo;
			productReference = 6589F643292A538100D686D7 /* GoogleCalendarAPIDemo.app */;
			productType = "com.apple.product-type.application";
		};
/* End PBXNativeTarget section */

/* Begin PBXProject section */
		6589F63B292A538100D686D7 /* Project object */ = {
			isa = PBXProject;
			attributes = {
				BuildIndependentTargetsInParallel = 1;
				LastSwiftUpdateCheck = 1320;
				LastUpgradeCheck = 1320;
				TargetAttributes = {
					6589F642292A538100D686D7 = {
						CreatedOnToolsVersion = 13.2;
					};
				};
			};
			buildConfigurationList = 6589F63E292A538100D686D7 /* Build configuration list for PBXProject "GoogleCalendarAPIDemo" */;
			compatibilityVersion = "Xcode 13.0";
			developmentRegion = en;
			hasScannedForEncodings = 0;
			knownRegions = (
				en,
				Base,
			);
			mainGroup = 6589F63A292A538100D686D7;
			packageReferences = (
				6589F654292A551000D686D7 /* XCRemoteSwiftPackageReference "google-api-objectivec-client-for-rest" */,
				6589F657292A553100D686D7 /* XCRemoteSwiftPackageReference "lottie-ios" */,
				6589F65A292A56C500D686D7 /* XCRemoteSwiftPackageReference "firebase-ios-sdk" */,
				6589F668292A666C00D686D7 /* XCRemoteSwiftPackageReference "GoogleSignIn-iOS" */,
			);
			productRefGroup = 6589F644292A538100D686D7 /* Products */;
			projectDirPath = "";
			projectRoot = "";
			targets = (
				6589F642292A538100D686D7 /* GoogleCalendarAPIDemo */,
			);
		};
/* End PBXProject section */

/* Begin PBXResourcesBuildPhase section */
		6589F641292A538100D686D7 /* Resources */ = {
			isa = PBXResourcesBuildPhase;
			buildActionMask = 2147483647;
			files = (
				6589F64E292A538400D686D7 /* Preview Assets.xcassets in Resources */,
				6589F64B292A538400D686D7 /* Assets.xcassets in Resources */,
				6589F662292A5AF500D686D7 /* GoogleService-Info.plist in Resources */,
			);
			runOnlyForDeploymentPostprocessing = 0;
		};
/* End PBXResourcesBuildPhase section */

/* Begin PBXSourcesBuildPhase section */
		6589F63F292A538100D686D7 /* Sources */ = {
			isa = PBXSourcesBuildPhase;
			buildActionMask = 2147483647;
			files = (
				6589F666292A617300D686D7 /* AuthenticationViewModel.swift in Sources */,
				6589F649292A538100D686D7 /* ContentView.swift in Sources */,
				6589F647292A538100D686D7 /* GoogleCalendarAPIDemoApp.swift in Sources */,
				6589F672292A6D6C00D686D7 /* LoginView.swift in Sources */,
				6589F670292A6AB900D686D7 /* Extensions.swift in Sources */,
			);
			runOnlyForDeploymentPostprocessing = 0;
		};
/* End PBXSourcesBuildPhase section */

/* Begin XCBuildConfiguration section */
		6589F64F292A538400D686D7 /* Debug */ = {
			isa = XCBuildConfiguration;
			buildSettings = {
				ALWAYS_SEARCH_USER_PATHS = NO;
				CLANG_ANALYZER_NONNULL = YES;
				CLANG_ANALYZER_NUMBER_OBJECT_CONVERSION = YES_AGGRESSIVE;
				CLANG_CXX_LANGUAGE_STANDARD = "gnu++17";
				CLANG_CXX_LIBRARY = "libc++";
				CLANG_ENABLE_MODULES = YES;
				CLANG_ENABLE_OBJC_ARC = YES;
				CLANG_ENABLE_OBJC_WEAK = YES;
				CLANG_WARN_BLOCK_CAPTURE_AUTORELEASING = YES;
				CLANG_WARN_BOOL_CONVERSION = YES;
				CLANG_WARN_COMMA = YES;
				CLANG_WARN_CONSTANT_CONVERSION = YES;
				CLANG_WARN_DEPRECATED_OBJC_IMPLEMENTATIONS = YES;
				CLANG_WARN_DIRECT_OBJC_ISA_USAGE = YES_ERROR;
				CLANG_WARN_DOCUMENTATION_COMMENTS = YES;
				CLANG_WARN_EMPTY_BODY = YES;
				CLANG_WARN_ENUM_CONVERSION = YES;
				CLANG_WARN_INFINITE_RECURSION = YES;
				CLANG_WARN_INT_CONVERSION = YES;
				CLANG_WARN_NON_LITERAL_NULL_CONVERSION = YES;
				CLANG_WARN_OBJC_IMPLICIT_RETAIN_SELF = YES;
				CLANG_WARN_OBJC_LITERAL_CONVERSION = YES;
				CLANG_WARN_OBJC_ROOT_CLASS = YES_ERROR;
				CLANG_WARN_QUOTED_INCLUDE_IN_FRAMEWORK_HEADER = YES;
				CLANG_WARN_RANGE_LOOP_ANALYSIS = YES;
				CLANG_WARN_STRICT_PROTOTYPES = YES;
				CLANG_WARN_SUSPICIOUS_MOVE = YES;
				CLANG_WARN_UNGUARDED_AVAILABILITY = YES_AGGRESSIVE;
				CLANG_WARN_UNREACHABLE_CODE = YES;
				CLANG_WARN__DUPLICATE_METHOD_MATCH = YES;
				COPY_PHASE_STRIP = NO;
				DEBUG_INFORMATION_FORMAT = dwarf;
				ENABLE_STRICT_OBJC_MSGSEND = YES;
				ENABLE_TESTABILITY = YES;
				GCC_C_LANGUAGE_STANDARD = gnu11;
				GCC_DYNAMIC_NO_PIC = NO;
				GCC_NO_COMMON_BLOCKS = YES;
				GCC_OPTIMIZATION_LEVEL = 0;
				GCC_PREPROCESSOR_DEFINITIONS = (
					"DEBUG=1",
					"$(inherited)",
				);
				GCC_WARN_64_TO_32_BIT_CONVERSION = YES;
				GCC_WARN_ABOUT_RETURN_TYPE = YES_ERROR;
				GCC_WARN_UNDECLARED_SELECTOR = YES;
				GCC_WARN_UNINITIALIZED_AUTOS = YES_AGGRESSIVE;
				GCC_WARN_UNUSED_FUNCTION = YES;
				GCC_WARN_UNUSED_VARIABLE = YES;
				IPHONEOS_DEPLOYMENT_TARGET = 15.2;
				MTL_ENABLE_DEBUG_INFO = INCLUDE_SOURCE;
				MTL_FAST_MATH = YES;
				ONLY_ACTIVE_ARCH = YES;
				SDKROOT = iphoneos;
				SWIFT_ACTIVE_COMPILATION_CONDITIONS = DEBUG;
				SWIFT_OPTIMIZATION_LEVEL = "-Onone";
			};
			name = Debug;
		};
		6589F650292A538400D686D7 /* Release */ = {
			isa = XCBuildConfiguration;
			buildSettings = {
				ALWAYS_SEARCH_USER_PATHS = NO;
				CLANG_ANALYZER_NONNULL = YES;
				CLANG_ANALYZER_NUMBER_OBJECT_CONVERSION = YES_AGGRESSIVE;
				CLANG_CXX_LANGUAGE_STANDARD = "gnu++17";
				CLANG_CXX_LIBRARY = "libc++";
				CLANG_ENABLE_MODULES = YES;
				CLANG_ENABLE_OBJC_ARC = YES;
				CLANG_ENABLE_OBJC_WEAK = YES;
				CLANG_WARN_BLOCK_CAPTURE_AUTORELEASING = YES;
				CLANG_WARN_BOOL_CONVERSION = YES;
				CLANG_WARN_COMMA = YES;
				CLANG_WARN_CONSTANT_CONVERSION = YES;
				CLANG_WARN_DEPRECATED_OBJC_IMPLEMENTATIONS = YES;
				CLANG_WARN_DIRECT_OBJC_ISA_USAGE = YES_ERROR;
				CLANG_WARN_DOCUMENTATION_COMMENTS = YES;
				CLANG_WARN_EMPTY_BODY = YES;
				CLANG_WARN_ENUM_CONVERSION = YES;
				CLANG_WARN_INFINITE_RECURSION = YES;
				CLANG_WARN_INT_CONVERSION = YES;
				CLANG_WARN_NON_LITERAL_NULL_CONVERSION = YES;
				CLANG_WARN_OBJC_IMPLICIT_RETAIN_SELF = YES;
				CLANG_WARN_OBJC_LITERAL_CONVERSION = YES;
				CLANG_WARN_OBJC_ROOT_CLASS = YES_ERROR;
				CLANG_WARN_QUOTED_INCLUDE_IN_FRAMEWORK_HEADER = YES;
				CLANG_WARN_RANGE_LOOP_ANALYSIS = YES;
				CLANG_WARN_STRICT_PROTOTYPES = YES;
				CLANG_WARN_SUSPICIOUS_MOVE = YES;
				CLANG_WARN_UNGUARDED_AVAILABILITY = YES_AGGRESSIVE;
				CLANG_WARN_UNREACHABLE_CODE = YES;
				CLANG_WARN__DUPLICATE_METHOD_MATCH = YES;
				COPY_PHASE_STRIP = NO;
				DEBUG_INFORMATION_FORMAT = "dwarf-with-dsym";
				ENABLE_NS_ASSERTIONS = NO;
				ENABLE_STRICT_OBJC_MSGSEND = YES;
				GCC_C_LANGUAGE_STANDARD = gnu11;
				GCC_NO_COMMON_BLOCKS = YES;
				GCC_WARN_64_TO_32_BIT_CONVERSION = YES;
				GCC_WARN_ABOUT_RETURN_TYPE = YES_ERROR;
				GCC_WARN_UNDECLARED_SELECTOR = YES;
				GCC_WARN_UNINITIALIZED_AUTOS = YES_AGGRESSIVE;
				GCC_WARN_UNUSED_FUNCTION = YES;
				GCC_WARN_UNUSED_VARIABLE = YES;
				IPHONEOS_DEPLOYMENT_TARGET = 15.2;
				MTL_ENABLE_DEBUG_INFO = NO;
				MTL_FAST_MATH = YES;
				SDKROOT = iphoneos;
				SWIFT_COMPILATION_MODE = wholemodule;
				SWIFT_OPTIMIZATION_LEVEL = "-O";
				VALIDATE_PRODUCT = YES;
			};
			name = Release;
		};
		6589F652292A538400D686D7 /* Debug */ = {
			isa = XCBuildConfiguration;
			buildSettings = {
				ASSETCATALOG_COMPILER_APPICON_NAME = AppIcon;
				ASSETCATALOG_COMPILER_GLOBAL_ACCENT_COLOR_NAME = AccentColor;
				CODE_SIGN_ENTITLEMENTS = GoogleCalendarAPIDemo/GoogleCalendarAPIDemo.entitlements;
				CODE_SIGN_STYLE = Automatic;
				CURRENT_PROJECT_VERSION = 1;
				DEVELOPMENT_ASSET_PATHS = "\"GoogleCalendarAPIDemo/Preview Content\"";
				DEVELOPMENT_TEAM = 59SR2WBZJT;
				ENABLE_PREVIEWS = YES;
				GENERATE_INFOPLIST_FILE = YES;
				INFOPLIST_FILE = GoogleCalendarAPIDemo/Info.plist;
				INFOPLIST_KEY_UIApplicationSceneManifest_Generation = YES;
				INFOPLIST_KEY_UIApplicationSupportsIndirectInputEvents = YES;
				INFOPLIST_KEY_UILaunchScreen_Generation = YES;
				INFOPLIST_KEY_UISupportedInterfaceOrientations_iPad = "UIInterfaceOrientationPortrait UIInterfaceOrientationPortraitUpsideDown UIInterfaceOrientationLandscapeLeft UIInterfaceOrientationLandscapeRight";
				INFOPLIST_KEY_UISupportedInterfaceOrientations_iPhone = "UIInterfaceOrientationPortrait UIInterfaceOrientationLandscapeLeft UIInterfaceOrientationLandscapeRight";
				LD_RUNPATH_SEARCH_PATHS = (
					"$(inherited)",
					"@executable_path/Frameworks",
				);
				MARKETING_VERSION = 1.0;
				PRODUCT_BUNDLE_IDENTIFIER = com.goel.pratik.GoogleCalendarAPIDemo;
				PRODUCT_NAME = "$(TARGET_NAME)";
				SWIFT_EMIT_LOC_STRINGS = YES;
				SWIFT_VERSION = 5.0;
				TARGETED_DEVICE_FAMILY = "1,2";
			};
			name = Debug;
		};
		6589F653292A538400D686D7 /* Release */ = {
			isa = XCBuildConfiguration;
			buildSettings = {
				ASSETCATALOG_COMPILER_APPICON_NAME = AppIcon;
				ASSETCATALOG_COMPILER_GLOBAL_ACCENT_COLOR_NAME = AccentColor;
				CODE_SIGN_ENTITLEMENTS = GoogleCalendarAPIDemo/GoogleCalendarAPIDemo.entitlements;
				CODE_SIGN_STYLE = Automatic;
				CURRENT_PROJECT_VERSION = 1;
				DEVELOPMENT_ASSET_PATHS = "\"GoogleCalendarAPIDemo/Preview Content\"";
				DEVELOPMENT_TEAM = 59SR2WBZJT;
				ENABLE_PREVIEWS = YES;
				GENERATE_INFOPLIST_FILE = YES;
				INFOPLIST_FILE = GoogleCalendarAPIDemo/Info.plist;
				INFOPLIST_KEY_UIApplicationSceneManifest_Generation = YES;
				INFOPLIST_KEY_UIApplicationSupportsIndirectInputEvents = YES;
				INFOPLIST_KEY_UILaunchScreen_Generation = YES;
				INFOPLIST_KEY_UISupportedInterfaceOrientations_iPad = "UIInterfaceOrientationPortrait UIInterfaceOrientationPortraitUpsideDown UIInterfaceOrientationLandscapeLeft UIInterfaceOrientationLandscapeRight";
				INFOPLIST_KEY_UISupportedInterfaceOrientations_iPhone = "UIInterfaceOrientationPortrait UIInterfaceOrientationLandscapeLeft UIInterfaceOrientationLandscapeRight";
				LD_RUNPATH_SEARCH_PATHS = (
					"$(inherited)",
					"@executable_path/Frameworks",
				);
				MARKETING_VERSION = 1.0;
				PRODUCT_BUNDLE_IDENTIFIER = com.goel.pratik.GoogleCalendarAPIDemo;
				PRODUCT_NAME = "$(TARGET_NAME)";
				SWIFT_EMIT_LOC_STRINGS = YES;
				SWIFT_VERSION = 5.0;
				TARGETED_DEVICE_FAMILY = "1,2";
			};
			name = Release;
		};
/* End XCBuildConfiguration section */

/* Begin XCConfigurationList section */
		6589F63E292A538100D686D7 /* Build configuration list for PBXProject "GoogleCalendarAPIDemo" */ = {
			isa = XCConfigurationList;
			buildConfigurations = (
				6589F64F292A538400D686D7 /* Debug */,
				6589F650292A538400D686D7 /* Release */,
			);
			defaultConfigurationIsVisible = 0;
			defaultConfigurationName = Release;
		};
		6589F651292A538400D686D7 /* Build configuration list for PBXNativeTarget "GoogleCalendarAPIDemo" */ = {
			isa = XCConfigurationList;
			buildConfigurations = (
				6589F652292A538400D686D7 /* Debug */,
				6589F653292A538400D686D7 /* Release */,
			);
			defaultConfigurationIsVisible = 0;
			defaultConfigurationName = Release;
		};
/* End XCConfigurationList section */

/* Begin XCRemoteSwiftPackageReference section */
		6589F654292A551000D686D7 /* XCRemoteSwiftPackageReference "google-api-objectivec-client-for-rest" */ = {
			isa = XCRemoteSwiftPackageReference;
			repositoryURL = "https://github.com/google/google-api-objectivec-client-for-rest";
			requirement = {
				branch = main;
				kind = branch;
			};
		};
		6589F657292A553100D686D7 /* XCRemoteSwiftPackageReference "lottie-ios" */ = {
			isa = XCRemoteSwiftPackageReference;
			repositoryURL = "https://github.com/airbnb/lottie-ios.git";
			requirement = {
				kind = upToNextMajorVersion;
				minimumVersion = 3.0.0;
			};
		};
		6589F65A292A56C500D686D7 /* XCRemoteSwiftPackageReference "firebase-ios-sdk" */ = {
			isa = XCRemoteSwiftPackageReference;
			repositoryURL = "https://github.com/firebase/firebase-ios-sdk.git";
			requirement = {
				kind = upToNextMajorVersion;
				minimumVersion = 9.0.0;
			};
		};
		6589F668292A666C00D686D7 /* XCRemoteSwiftPackageReference "GoogleSignIn-iOS" */ = {
			isa = XCRemoteSwiftPackageReference;
			repositoryURL = "https://github.com/google/GoogleSignIn-iOS";
			requirement = {
				kind = upToNextMajorVersion;
				minimumVersion = 6.0.0;
			};
		};
/* End XCRemoteSwiftPackageReference section */

/* Begin XCSwiftPackageProductDependency section */
		6589F655292A551000D686D7 /* GoogleAPIClientForREST_Calendar */ = {
			isa = XCSwiftPackageProductDependency;
			package = 6589F654292A551000D686D7 /* XCRemoteSwiftPackageReference "google-api-objectivec-client-for-rest" */;
			productName = GoogleAPIClientForREST_Calendar;
		};
		6589F658292A553100D686D7 /* Lottie */ = {
			isa = XCSwiftPackageProductDependency;
			package = 6589F657292A553100D686D7 /* XCRemoteSwiftPackageReference "lottie-ios" */;
			productName = Lottie;
		};
		6589F65B292A56C500D686D7 /* FirebaseAuth */ = {
			isa = XCSwiftPackageProductDependency;
			package = 6589F65A292A56C500D686D7 /* XCRemoteSwiftPackageReference "firebase-ios-sdk" */;
			productName = FirebaseAuth;
		};
		6589F669292A666C00D686D7 /* GoogleSignIn */ = {
			isa = XCSwiftPackageProductDependency;
			package = 6589F668292A666C00D686D7 /* XCRemoteSwiftPackageReference "GoogleSignIn-iOS" */;
			productName = GoogleSignIn;
		};
		6589F66B292A666C00D686D7 /* GoogleSignInSwift */ = {
			isa = XCSwiftPackageProductDependency;
			package = 6589F668292A666C00D686D7 /* XCRemoteSwiftPackageReference "GoogleSignIn-iOS" */;
			productName = GoogleSignInSwift;
		};
/* End XCSwiftPackageProductDependency section */
	};
	rootObject = 6589F63B292A538100D686D7 /* Project object */;
}
